{
    "_meta": {
        "hash": {
            "sha256": "04a10a08765cf64ad7ce6939f7f1d9e1130ee4676f3018eb3405a1032b0cc782"
        },
        "pipfile-spec": 6,
        "requires": {
            "python_version": "3.9"
        },
        "sources": [
            {
                "name": "pypi",
                "url": "https://pypi.org/simple",
                "verify_ssl": true
            }
        ]
    },
    "default": {
        "click": "*",
        "gitpython": "3.1.34",
        "psycopg2-binary": ">=2, <3",
        "pydash": "5",
        "pyyaml": "*",
        "twine": "*",
        "urllib3": {
            "hashes": [
                "sha256:7a7c7003b000adf9e7ca2a377c9688bbc54ed41b985789ed576570342a375cd2",
                "sha256:b19e1a85d206b56d7df1d5e683df4a7725252a964e3993648dd0fb5a1c157564"
            ],
            "index": "pypi",
            "version": "==2.0.6"
        }
    },
    "develop": {
        "build": "*",
        "coverage": "*",
        "flake8": "*",
        "half-orm": {
            "editable": true,
            "path": "."
        },
        "pylint": "*",
        "pytest": "*",
        "pytest-cov": "*",
        "tox": "*",
        "twine": "*"
    }
}
