{
    "_meta": {
        "hash": {
            "sha256": "e26d1aad1f565430fcedad6425f2cd8efbe5c4e01e667cd5cd7365cb105762d5"
        },
        "pipfile-spec": 6,
        "requires": {
            "python_version": "3.9"
        },
        "sources": [
            {
                "name": "pypi",
                "url": "https://pypi.org/simple",
                "verify_ssl": true
            }
        ]
    },
    "default": {
        "click": "*",
        "gitdb": {
            "hashes": [
                "sha256:6eb990b69df4e15bad899ea868dc46572c3f75339735663b81de79b06f17eb9a",
                "sha256:c286cf298426064079ed96a9e4a9d39e7f3e9bf15ba60701e95f5492f28415c7"
            ],
            "markers": "python_version >= '3.7'",
            "version": "==4.0.10"
        },
        "gitpython": {
            "hashes": [
                "sha256:5f4c4187de49616d710a77e98ddf17b4782060a1788df441846bddefbb89ab33",
                "sha256:f9b9ddc0761c125d5780eab2d64be4873fc6817c2899cbcb34b02344bdc7bc54"
            ],
            "index": "pypi",
            "version": "==3.1.37"
        },
        "psycopg2-binary": ">=2, <3",
        "pydash": "5",
        "pyyaml": "*",
        "smmap": {
            "hashes": [
                "sha256:dceeb6c0028fdb6734471eb07c0cd2aae706ccaecab45965ee83f11c8d3b1f62",
                "sha256:e6d8668fa5f93e706934a62d7b4db19c8d9eb8cf2adbb75ef1b675aa332b69da"
            ],
            "markers": "python_version >= '3.7'",
            "version": "==5.0.1"
        },
        "twine": "*",
        "urllib3": "*"
    },
    "develop": {
        "build": "*",
        "coverage": "*",
        "flake8": "*",
        "half-orm": {
            "editable": true,
            "path": "."
        },
        "pylint": "*",
        "pytest": "*",
        "pytest-cov": "*",
        "tox": "*",
        "twine": "*"
    }
}
